{
  "requires": true,
  "lockfileVersion": 1,
  "dependencies": {
    "aes-js": {
      "version": "3.1.1",
      "resolved": "https://registry.npmjs.org/aes-js/-/aes-js-3.1.1.tgz",
      "integrity": "sha512-cEA0gBelItZZV7iBiL8ApCiNgc+gBWJJ4uoORhbu6vOqAJ0UL9wIlxr4RI7ij9SSVzy6AnPwiu37kVYiHCl3nw=="
    }
  }
}
